// !$*UTF8*$!
{
	archiveVersion = 1;
	classes = {
	};
	objectVersion = 55;
	objects = {

/* Begin PBXBuildFile section */
		7871846628B29F45001FF1D6 /* HomeWork.swift in Sources */ = {isa = PBXBuildFile; fileRef = 7871846528B29F45001FF1D6 /* HomeWork.swift */; };
		78871B6128B13E93000B9169 /* AppDelegate.swift in Sources */ = {isa = PBXBuildFile; fileRef = 78871B6028B13E93000B9169 /* AppDelegate.swift */; };
		78871B6328B13E93000B9169 /* SceneDelegate.swift in Sources */ = {isa = PBXBuildFile; fileRef = 78871B6228B13E93000B9169 /* SceneDelegate.swift */; };
		78871B6528B13E93000B9169 /* ViewController.swift in Sources */ = {isa = PBXBuildFile; fileRef = 78871B6428B13E93000B9169 /* ViewController.swift */; };
		78871B6828B13E93000B9169 /* Main.storyboard in Resources */ = {isa = PBXBuildFile; fileRef = 78871B6628B13E93000B9169 /* Main.storyboard */; };
		78871B6A28B13E98000B9169 /* Assets.xcassets in Resources */ = {isa = PBXBuildFile; fileRef = 78871B6928B13E98000B9169 /* Assets.xcassets */; };
		78871B6D28B13E98000B9169 /* LaunchScreen.storyboard in Resources */ = {isa = PBXBuildFile; fileRef = 78871B6B28B13E98000B9169 /* LaunchScreen.storyboard */; };
		78871B7528B15115000B9169 /* LeakedViewController.swift in Sources */ = {isa = PBXBuildFile; fileRef = 78871B7428B15115000B9169 /* LeakedViewController.swift */; };
/* End PBXBuildFile section */

/* Begin PBXFileReference section */
		7871846528B29F45001FF1D6 /* HomeWork.swift */ = {isa = PBXFileReference; lastKnownFileType = sourcecode.swift; path = HomeWork.swift; sourceTree = "<group>"; };
		78871B5D28B13E93000B9169 /* 6.1 View debugger.app */ = {isa = PBXFileReference; explicitFileType = wrapper.application; includeInIndex = 0; path = "6.1 View debugger.app"; sourceTree = BUILT_PRODUCTS_DIR; };
		78871B6028B13E93000B9169 /* AppDelegate.swift */ = {isa = PBXFileReference; lastKnownFileType = sourcecode.swift; path = AppDelegate.swift; sourceTree = "<group>"; };
		78871B6228B13E93000B9169 /* SceneDelegate.swift */ = {isa = PBXFileReference; lastKnownFileType = sourcecode.swift; path = SceneDelegate.swift; sourceTree = "<group>"; };
		78871B6428B13E93000B9169 /* ViewController.swift */ = {isa = PBXFileReference; lastKnownFileType = sourcecode.swift; path = ViewController.swift; sourceTree = "<group>"; };
		78871B6728B13E93000B9169 /* Base */ = {isa = PBXFileReference; lastKnownFileType = file.storyboard; name = Base; path = Base.lproj/Main.storyboard; sourceTree = "<group>"; };
		78871B6928B13E98000B9169 /* Assets.xcassets */ = {isa = PBXFileReference; lastKnownFileType = folder.assetcatalog; path = Assets.xcassets; sourceTree = "<group>"; };
		78871B6C28B13E98000B9169 /* Base */ = {isa = PBXFileReference; lastKnownFileType = file.storyboard; name = Base; path = Base.lproj/LaunchScreen.storyboard; sourceTree = "<group>"; };
		78871B6E28B13E98000B9169 /* Info.plist */ = {isa = PBXFileReference; lastKnownFileType = text.plist.xml; path = Info.plist; sourceTree = "<group>"; };
		78871B7428B15115000B9169 /* LeakedViewController.swift */ = {isa = PBXFileReference; lastKnownFileType = sourcecode.swift; path = LeakedViewController.swift; sourceTree = "<group>"; };
/* End PBXFileReference section */

/* Begin PBXFrameworksBuildPhase section */
		78871B5A28B13E93000B9169 /* Frameworks */ = {
			isa = PBXFrameworksBuildPhase;
			buildActionMask = 2147483647;
			files = (
			);
			runOnlyForDeploymentPostprocessing = 0;
		};
/* End PBXFrameworksBuildPhase section */

/* Begin PBXGroup section */
		78871B5428B13E93000B9169 = {
			isa = PBXGroup;
			children = (
				78871B5F28B13E93000B9169 /* 6.1 View debugger */,
				78871B5E28B13E93000B9169 /* Products */,
			);
			sourceTree = "<group>";
		};
		78871B5E28B13E93000B9169 /* Products */ = {
			isa = PBXGroup;
			children = (
				78871B5D28B13E93000B9169 /* 6.1 View debugger.app */,
			);
			name = Products;
			sourceTree = "<group>";
		};
		78871B5F28B13E93000B9169 /* 6.1 View debugger */ = {
			isa = PBXGroup;
			children = (
				78871B6028B13E93000B9169 /* AppDelegate.swift */,
				78871B6228B13E93000B9169 /* SceneDelegate.swift */,
				78871B6428B13E93000B9169 /* ViewController.swift */,
				78871B7428B15115000B9169 /* LeakedViewController.swift */,
				7871846528B29F45001FF1D6 /* HomeWork.swift */,
				78871B6628B13E93000B9169 /* Main.storyboard */,
				78871B6928B13E98000B9169 /* Assets.xcassets */,
				78871B6B28B13E98000B9169 /* LaunchScreen.storyboard */,
				78871B6E28B13E98000B9169 /* Info.plist */,
			);
			path = "6.1 View debugger";
			sourceTree = "<group>";
		};
/* End PBXGroup section */

/* Begin PBXNativeTarget section */
		78871B5C28B13E93000B9169 /* 6.1 View debugger */ = {
			isa = PBXNativeTarget;
			buildConfigurationList = 78871B7128B13E98000B9169 /* Build configuration list for PBXNativeTarget "6.1 View debugger" */;
			buildPhases = (
				78871B5928B13E93000B9169 /* Sources */,
				78871B5A28B13E93000B9169 /* Frameworks */,
				78871B5B28B13E93000B9169 /* Resources */,
			);
			buildRules = (
			);
			dependencies = (
			);
			name = "6.1 View debugger";
			productName = "6.1 View debugger";
			productReference = 78871B5D28B13E93000B9169 /* 6.1 View debugger.app */;
			productType = "com.apple.product-type.application";
		};
/* End PBXNativeTarget section */

/* Begin PBXProject section */
		78871B5528B13E93000B9169 /* Project object */ = {
			isa = PBXProject;
			attributes = {
				BuildIndependentTargetsInParallel = 1;
				LastSwiftUpdateCheck = 1340;
				LastUpgradeCheck = 1340;
				TargetAttributes = {
					78871B5C28B13E93000B9169 = {
						CreatedOnToolsVersion = 13.4.1;
					};
				};
			};
			buildConfigurationList = 78871B5828B13E93000B9169 /* Build configuration list for PBXProject "6.1 View debugger" */;
			compatibilityVersion = "Xcode 13.0";
			developmentRegion = en;
			hasScannedForEncodings = 0;
			knownRegions = (
				en,
				Base,
			);
			mainGroup = 78871B5428B13E93000B9169;
			productRefGroup = 78871B5E28B13E93000B9169 /* Products */;
			projectDirPath = "";
			projectRoot = "";
			targets = (
				78871B5C28B13E93000B9169 /* 6.1 View debugger */,
			);
		};
/* End PBXProject section */

/* Begin PBXResourcesBuildPhase section */
		78871B5B28B13E93000B9169 /* Resources */ = {
			isa = PBXResourcesBuildPhase;
			buildActionMask = 2147483647;
			files = (
				78871B6D28B13E98000B9169 /* LaunchScreen.storyboard in Resources */,
				78871B6A28B13E98000B9169 /* Assets.xcassets in Resources */,
				78871B6828B13E93000B9169 /* Main.storyboard in Resources */,
			);
			runOnlyForDeploymentPostprocessing = 0;
		};
/* End PBXResourcesBuildPhase section */

/* Begin PBXSourcesBuildPhase section */
		78871B5928B13E93000B9169 /* Sources */ = {
			isa = PBXSourcesBuildPhase;
			buildActionMask = 2147483647;
			files = (
				78871B6528B13E93000B9169 /* ViewController.swift in Sources */,
				78871B6128B13E93000B9169 /* AppDelegate.swift in Sources */,
				78871B7528B15115000B9169 /* LeakedViewController.swift in Sources */,
				7871846628B29F45001FF1D6 /* HomeWork.swift in Sources */,
				78871B6328B13E93000B9169 /* SceneDelegate.swift in Sources */,
			);
			runOnlyForDeploymentPostprocessing = 0;
		};
/* End PBXSourcesBuildPhase section */

/* Begin PBXVariantGroup section */
		78871B6628B13E93000B9169 /* Main.storyboard */ = {
			isa = PBXVariantGroup;
			children = (
				78871B6728B13E93000B9169 /* Base */,
			);
			name = Main.storyboard;
			sourceTree = "<group>";
		};
		78871B6B28B13E98000B9169 /* LaunchScreen.storyboard */ = {
			isa = PBXVariantGroup;
			children = (
				78871B6C28B13E98000B9169 /* Base */,
			);
			name = LaunchScreen.storyboard;
			sourceTree = "<group>";
		};
/* End PBXVariantGroup section */

/* Begin XCBuildConfiguration section */
		78871B6F28B13E98000B9169 /* Debug */ = {
			isa = XCBuildConfiguration;
			buildSettings = {
				ALWAYS_SEARCH_USER_PATHS = NO;
				CLANG_ANALYZER_NONNULL = YES;
				CLANG_ANALYZER_NUMBER_OBJECT_CONVERSION = YES_AGGRESSIVE;
				CLANG_CXX_LANGUAGE_STANDARD = "gnu++17";
				CLANG_ENABLE_MODULES = YES;
				CLANG_ENABLE_OBJC_ARC = YES;
				CLANG_ENABLE_OBJC_WEAK = YES;
				CLANG_WARN_BLOCK_CAPTURE_AUTORELEASING = YES;
				CLANG_WARN_BOOL_CONVERSION = YES;
				CLANG_WARN_COMMA = YES;
				CLANG_WARN_CONSTANT_CONVERSION = YES;
				CLANG_WARN_DEPRECATED_OBJC_IMPLEMENTATIONS = YES;
				CLANG_WARN_DIRECT_OBJC_ISA_USAGE = YES_ERROR;
				CLANG_WARN_DOCUMENTATION_COMMENTS = YES;
				CLANG_WARN_EMPTY_BODY = YES;
				CLANG_WARN_ENUM_CONVERSION = YES;
				CLANG_WARN_INFINITE_RECURSION = YES;
				CLANG_WARN_INT_CONVERSION = YES;
				CLANG_WARN_NON_LITERAL_NULL_CONVERSION = YES;
				CLANG_WARN_OBJC_IMPLICIT_RETAIN_SELF = YES;
				CLANG_WARN_OBJC_LITERAL_CONVERSION = YES;
				CLANG_WARN_OBJC_ROOT_CLASS = YES_ERROR;
				CLANG_WARN_QUOTED_INCLUDE_IN_FRAMEWORK_HEADER = YES;
				CLANG_WARN_RANGE_LOOP_ANALYSIS = YES;
				CLANG_WARN_STRICT_PROTOTYPES = YES;
				CLANG_WARN_SUSPICIOUS_MOVE = YES;
				CLANG_WARN_UNGUARDED_AVAILABILITY = YES_AGGRESSIVE;
				CLANG_WARN_UNREACHABLE_CODE = YES;
				CLANG_WARN__DUPLICATE_METHOD_MATCH = YES;
				COPY_PHASE_STRIP = NO;
				DEBUG_INFORMATION_FORMAT = dwarf;
				ENABLE_STRICT_OBJC_MSGSEND = YES;
				ENABLE_TESTABILITY = YES;
				GCC_C_LANGUAGE_STANDARD = gnu11;
				GCC_DYNAMIC_NO_PIC = NO;
				GCC_NO_COMMON_BLOCKS = YES;
				GCC_OPTIMIZATION_LEVEL = 0;
				GCC_PREPROCESSOR_DEFINITIONS = (
					"DEBUG=1",
					"$(inherited)",
				);
				GCC_WARN_64_TO_32_BIT_CONVERSION = YES;
				GCC_WARN_ABOUT_RETURN_TYPE = YES_ERROR;
				GCC_WARN_UNDECLARED_SELECTOR = YES;
				GCC_WARN_UNINITIALIZED_AUTOS = YES_AGGRESSIVE;
				GCC_WARN_UNUSED_FUNCTION = YES;
				GCC_WARN_UNUSED_VARIABLE = YES;
				IPHONEOS_DEPLOYMENT_TARGET = 15.5;
				MTL_ENABLE_DEBUG_INFO = INCLUDE_SOURCE;
				MTL_FAST_MATH = YES;
				ONLY_ACTIVE_ARCH = YES;
				SDKROOT = iphoneos;
				SWIFT_ACTIVE_COMPILATION_CONDITIONS = DEBUG;
				SWIFT_OPTIMIZATION_LEVEL = "-Onone";
			};
			name = Debug;
		};
		78871B7028B13E98000B9169 /* Release */ = {
			isa = XCBuildConfiguration;
			buildSettings = {
				ALWAYS_SEARCH_USER_PATHS = NO;
				CLANG_ANALYZER_NONNULL = YES;
				CLANG_ANALYZER_NUMBER_OBJECT_CONVERSION = YES_AGGRESSIVE;
				CLANG_CXX_LANGUAGE_STANDARD = "gnu++17";
				CLANG_ENABLE_MODULES = YES;
				CLANG_ENABLE_OBJC_ARC = YES;
				CLANG_ENABLE_OBJC_WEAK = YES;
				CLANG_WARN_BLOCK_CAPTURE_AUTORELEASING = YES;
				CLANG_WARN_BOOL_CONVERSION = YES;
				CLANG_WARN_COMMA = YES;
				CLANG_WARN_CONSTANT_CONVERSION = YES;
				CLANG_WARN_DEPRECATED_OBJC_IMPLEMENTATIONS = YES;
				CLANG_WARN_DIRECT_OBJC_ISA_USAGE = YES_ERROR;
				CLANG_WARN_DOCUMENTATION_COMMENTS = YES;
				CLANG_WARN_EMPTY_BODY = YES;
				CLANG_WARN_ENUM_CONVERSION = YES;
				CLANG_WARN_INFINITE_RECURSION = YES;
				CLANG_WARN_INT_CONVERSION = YES;
				CLANG_WARN_NON_LITERAL_NULL_CONVERSION = YES;
				CLANG_WARN_OBJC_IMPLICIT_RETAIN_SELF = YES;
				CLANG_WARN_OBJC_LITERAL_CONVERSION = YES;
				CLANG_WARN_OBJC_ROOT_CLASS = YES_ERROR;
				CLANG_WARN_QUOTED_INCLUDE_IN_FRAMEWORK_HEADER = YES;
				CLANG_WARN_RANGE_LOOP_ANALYSIS = YES;
				CLANG_WARN_STRICT_PROTOTYPES = YES;
				CLANG_WARN_SUSPICIOUS_MOVE = YES;
				CLANG_WARN_UNGUARDED_AVAILABILITY = YES_AGGRESSIVE;
				CLANG_WARN_UNREACHABLE_CODE = YES;
				CLANG_WARN__DUPLICATE_METHOD_MATCH = YES;
				COPY_PHASE_STRIP = NO;
				DEBUG_INFORMATION_FORMAT = "dwarf-with-dsym";
				ENABLE_NS_ASSERTIONS = NO;
				ENABLE_STRICT_OBJC_MSGSEND = YES;
				GCC_C_LANGUAGE_STANDARD = gnu11;
				GCC_NO_COMMON_BLOCKS = YES;
				GCC_WARN_64_TO_32_BIT_CONVERSION = YES;
				GCC_WARN_ABOUT_RETURN_TYPE = YES_ERROR;
				GCC_WARN_UNDECLARED_SELECTOR = YES;
				GCC_WARN_UNINITIALIZED_AUTOS = YES_AGGRESSIVE;
				GCC_WARN_UNUSED_FUNCTION = YES;
				GCC_WARN_UNUSED_VARIABLE = YES;
				IPHONEOS_DEPLOYMENT_TARGET = 15.5;
				MTL_ENABLE_DEBUG_INFO = NO;
				MTL_FAST_MATH = YES;
				SDKROOT = iphoneos;
				SWIFT_COMPILATION_MODE = wholemodule;
				SWIFT_OPTIMIZATION_LEVEL = "-O";
				VALIDATE_PRODUCT = YES;
			};
			name = Release;
		};
		78871B7228B13E98000B9169 /* Debug */ = {
			isa = XCBuildConfiguration;
			buildSettings = {
				ASSETCATALOG_COMPILER_APPICON_NAME = AppIcon;
				ASSETCATALOG_COMPILER_GLOBAL_ACCENT_COLOR_NAME = AccentColor;
				CODE_SIGN_STYLE = Automatic;
				CURRENT_PROJECT_VERSION = 1;
				DEVELOPMENT_TEAM = STW7SF37T7;
				GENERATE_INFOPLIST_FILE = YES;
				INFOPLIST_FILE = "6.1 View debugger/Info.plist";
				INFOPLIST_KEY_UIApplicationSupportsIndirectInputEvents = YES;
				INFOPLIST_KEY_UILaunchStoryboardName = LaunchScreen;
				INFOPLIST_KEY_UIMainStoryboardFile = Main;
				INFOPLIST_KEY_UISupportedInterfaceOrientations_iPad = "UIInterfaceOrientationPortrait UIInterfaceOrientationPortraitUpsideDown UIInterfaceOrientationLandscapeLeft UIInterfaceOrientationLandscapeRight";
				INFOPLIST_KEY_UISupportedInterfaceOrientations_iPhone = "UIInterfaceOrientationPortrait UIInterfaceOrientationLandscapeLeft UIInterfaceOrientationLandscapeRight";
				LD_RUNPATH_SEARCH_PATHS = (
					"$(inherited)",
					"@executable_path/Frameworks",
				);
				MARKETING_VERSION = 1.0;
				PRODUCT_BUNDLE_IDENTIFIER = "IF.--1-View-debugger";
				PRODUCT_NAME = "$(TARGET_NAME)";
				SWIFT_EMIT_LOC_STRINGS = YES;
				SWIFT_VERSION = 5.0;
				TARGETED_DEVICE_FAMILY = "1,2";
			};
			name = Debug;
		};
		78871B7328B13E98000B9169 /* Release */ = {
			isa = XCBuildConfiguration;
			buildSettings = {
				ASSETCATALOG_COMPILER_APPICON_NAME = AppIcon;
				ASSETCATALOG_COMPILER_GLOBAL_ACCENT_COLOR_NAME = AccentColor;
				CODE_SIGN_STYLE = Automatic;
				CURRENT_PROJECT_VERSION = 1;
				DEVELOPMENT_TEAM = STW7SF37T7;
				GENERATE_INFOPLIST_FILE = YES;
				INFOPLIST_FILE = "6.1 View debugger/Info.plist";
				INFOPLIST_KEY_UIApplicationSupportsIndirectInputEvents = YES;
				INFOPLIST_KEY_UILaunchStoryboardName = LaunchScreen;
				INFOPLIST_KEY_UIMainStoryboardFile = Main;
				INFOPLIST_KEY_UISupportedInterfaceOrientations_iPad = "UIInterfaceOrientationPortrait UIInterfaceOrientationPortraitUpsideDown UIInterfaceOrientationLandscapeLeft UIInterfaceOrientationLandscapeRight";
				INFOPLIST_KEY_UISupportedInterfaceOrientations_iPhone = "UIInterfaceOrientationPortrait UIInterfaceOrientationLandscapeLeft UIInterfaceOrientationLandscapeRight";
				LD_RUNPATH_SEARCH_PATHS = (
					"$(inherited)",
					"@executable_path/Frameworks",
				);
				MARKETING_VERSION = 1.0;
				PRODUCT_BUNDLE_IDENTIFIER = "IF.--1-View-debugger";
				PRODUCT_NAME = "$(TARGET_NAME)";
				SWIFT_EMIT_LOC_STRINGS = YES;
				SWIFT_VERSION = 5.0;
				TARGETED_DEVICE_FAMILY = "1,2";
			};
			name = Release;
		};
/* End XCBuildConfiguration section */

/* Begin XCConfigurationList section */
		78871B5828B13E93000B9169 /* Build configuration list for PBXProject "6.1 View debugger" */ = {
			isa = XCConfigurationList;
			buildConfigurations = (
				78871B6F28B13E98000B9169 /* Debug */,
				78871B7028B13E98000B9169 /* Release */,
			);
			defaultConfigurationIsVisible = 0;
			defaultConfigurationName = Release;
		};
		78871B7128B13E98000B9169 /* Build configuration list for PBXNativeTarget "6.1 View debugger" */ = {
			isa = XCConfigurationList;
			buildConfigurations = (
				78871B7228B13E98000B9169 /* Debug */,
				78871B7328B13E98000B9169 /* Release */,
			);
			defaultConfigurationIsVisible = 0;
			defaultConfigurationName = Release;
		};
/* End XCConfigurationList section */
	};
	rootObject = 78871B5528B13E93000B9169 /* Project object */;
}
